
Microsoft Visual Studio Solution File, Format Version 12.00
# Visual Studio Version 16
VisualStudioVersion = 16.0.29519.87
MinimumVisualStudioVersion = 10.0.40219.1
Project("{9A19103F-16F7-4668-BE54-9A1E7A4F7556}") = "XUnit.Core", "XUnit.Core.csproj", "{14BC5FA5-A0C4-4AE0-918D-1EA187658658}"
EndProject
Global
	GlobalSection(SolutionConfigurationPlatforms) = preSolution
		Debug|Any CPU = Debug|Any CPU
		Release|Any CPU = Release|Any CPU
	EndGlobalSection
	GlobalSection(ProjectConfigurationPlatforms) = postSolution
		{14BC5FA5-A0C4-4AE0-918D-1EA187658658}.Debug|Any CPU.ActiveCfg = Debug|Any CPU
		{14BC5FA5-A0C4-4AE0-918D-1EA187658658}.Debug|Any CPU.Build.0 = Debug|Any CPU
		{14BC5FA5-A0C4-4AE0-918D-1EA187658658}.Release|Any CPU.ActiveCfg = Release|Any CPU
		{14BC5FA5-A0C4-4AE0-918D-1EA187658658}.Release|Any CPU.Build.0 = Release|Any CPU
	EndGlobalSection
	GlobalSection(SolutionProperties) = preSolution
		HideSolutionNode = FALSE
	EndGlobalSection
	GlobalSection(ExtensibilityGlobals) = postSolution
		SolutionGuid = {317C618C-3184-44AC-B8D7-349CF5FCCEDC}
	EndGlobalSection
EndGlobal
